
Microsoft Visual Studio Solution File, Format Version 12.00
# Visual Studio Version 17
VisualStudioVersion = 17.1.32421.90
MinimumVisualStudioVersion = 10.0.40219.1
Project("{FAE04EC0-301F-11D3-BF4B-00C04F79EFBC}") = "cs_base", "cs_base\cs_base.csproj", "{75826B60-1E34-4084-AD27-5429181F9FA2}"
EndProject
Global
	GlobalSection(SolutionConfigurationPlatforms) = preSolution
		Debug|Any CPU = Debug|Any CPU
		Release|Any CPU = Release|Any CPU
	EndGlobalSection
	GlobalSection(ProjectConfigurationPlatforms) = postSolution
		{75826B60-1E34-4084-AD27-5429181F9FA2}.Debug|Any CPU.ActiveCfg = Debug|Any CPU
		{75826B60-1E34-4084-AD27-5429181F9FA2}.Debug|Any CPU.Build.0 = Debug|Any CPU
		{75826B60-1E34-4084-AD27-5429181F9FA2}.Release|Any CPU.ActiveCfg = Release|Any CPU
		{75826B60-1E34-4084-AD27-5429181F9FA2}.Release|Any CPU.Build.0 = Release|Any CPU
	EndGlobalSection
	GlobalSection(SolutionProperties) = preSolution
		HideSolutionNode = FALSE
	EndGlobalSection
	GlobalSection(ExtensibilityGlobals) = postSolution
		SolutionGuid = {3CFB1FA4-900C-4E77-9636-E8F47490011C}
	EndGlobalSection
EndGlobal
