
Microsoft Visual Studio Solution File, Format Version 12.00
# Visual Studio Version 17
VisualStudioVersion = 17.1.32421.90
MinimumVisualStudioVersion = 10.0.40219.1
Project("{FAE04EC0-301F-11D3-BF4B-00C04F79EFBC}") = "Interface", "Interface\Interface.csproj", "{D632D5DD-A034-4C32-82CE-20CBBE8701C0}"
EndProject
Global
	GlobalSection(SolutionConfigurationPlatforms) = preSolution
		Debug|Any CPU = Debug|Any CPU
		Release|Any CPU = Release|Any CPU
	EndGlobalSection
	GlobalSection(ProjectConfigurationPlatforms) = postSolution
		{D632D5DD-A034-4C32-82CE-20CBBE8701C0}.Debug|Any CPU.ActiveCfg = Debug|Any CPU
		{D632D5DD-A034-4C32-82CE-20CBBE8701C0}.Debug|Any CPU.Build.0 = Debug|Any CPU
		{D632D5DD-A034-4C32-82CE-20CBBE8701C0}.Release|Any CPU.ActiveCfg = Release|Any CPU
		{D632D5DD-A034-4C32-82CE-20CBBE8701C0}.Release|Any CPU.Build.0 = Release|Any CPU
	EndGlobalSection
	GlobalSection(SolutionProperties) = preSolution
		HideSolutionNode = FALSE
	EndGlobalSection
	GlobalSection(ExtensibilityGlobals) = postSolution
		SolutionGuid = {B03566AD-CBB8-49D7-9940-9C2704E6EE04}
	EndGlobalSection
EndGlobal
